
Microsoft Visual Studio Solution File, Format Version 12.00
# Visual Studio Version 16
VisualStudioVersion = 16.0.31515.178
MinimumVisualStudioVersion = 10.0.40219.1
Project("{FAE04EC0-301F-11D3-BF4B-00C04F79EFBC}") = "PirateStealer", "PirateStealer\PirateStealer.csproj", "{D167074E-EDB2-4886-80C7-648A59174116}"
EndProject
Global
	GlobalSection(SolutionConfigurationPlatforms) = preSolution
		Debug|Any CPU = Debug|Any CPU
		Release|Any CPU = Release|Any CPU
	EndGlobalSection
	GlobalSection(ProjectConfigurationPlatforms) = postSolution
		{D167074E-EDB2-4886-80C7-648A59174116}.Debug|Any CPU.ActiveCfg = Debug|Any CPU
		{D167074E-EDB2-4886-80C7-648A59174116}.Debug|Any CPU.Build.0 = Debug|Any CPU
		{D167074E-EDB2-4886-80C7-648A59174116}.Release|Any CPU.ActiveCfg = Release|Any CPU
		{D167074E-EDB2-4886-80C7-648A59174116}.Release|Any CPU.Build.0 = Release|Any CPU
	EndGlobalSection
	GlobalSection(SolutionProperties) = preSolution
		HideSolutionNode = FALSE
	EndGlobalSection
	GlobalSection(ExtensibilityGlobals) = postSolution
		SolutionGuid = {4330A083-D976-4BBE-B8E9-53D5EFF394EF}
	EndGlobalSection
EndGlobal
